
Microsoft Visual Studio Solution File, Format Version 12.00
Project("{FAE04EC0-301F-11D3-BF4B-00C04F79EFBC}") = "Time_TimePeriod", "Time_TimePeriod\Time_TimePeriod.csproj", "{7EBD8CCD-AE75-4172-AC34-432582A71D0F}"
EndProject
Project("{FAE04EC0-301F-11D3-BF4B-00C04F79EFBC}") = "Time_TimePeriodUnitTests", "Time_TimePeriodUnitTests\Time_TimePeriodUnitTests.csproj", "{40D1D9D2-4140-4306-AB35-3732638A80A0}"
EndProject
Global
	GlobalSection(SolutionConfigurationPlatforms) = preSolution
		Debug|Any CPU = Debug|Any CPU
		Release|Any CPU = Release|Any CPU
	EndGlobalSection
	GlobalSection(ProjectConfigurationPlatforms) = postSolution
		{7EBD8CCD-AE75-4172-AC34-432582A71D0F}.Debug|Any CPU.ActiveCfg = Debug|Any CPU
		{7EBD8CCD-AE75-4172-AC34-432582A71D0F}.Debug|Any CPU.Build.0 = Debug|Any CPU
		{7EBD8CCD-AE75-4172-AC34-432582A71D0F}.Release|Any CPU.ActiveCfg = Release|Any CPU
		{7EBD8CCD-AE75-4172-AC34-432582A71D0F}.Release|Any CPU.Build.0 = Release|Any CPU
		{40D1D9D2-4140-4306-AB35-3732638A80A0}.Debug|Any CPU.ActiveCfg = Debug|Any CPU
		{40D1D9D2-4140-4306-AB35-3732638A80A0}.Debug|Any CPU.Build.0 = Debug|Any CPU
		{40D1D9D2-4140-4306-AB35-3732638A80A0}.Release|Any CPU.ActiveCfg = Release|Any CPU
		{40D1D9D2-4140-4306-AB35-3732638A80A0}.Release|Any CPU.Build.0 = Release|Any CPU
	EndGlobalSection
EndGlobal
